
Microsoft Visual Studio Solution File, Format Version 12.00
# Visual Studio Version 17
VisualStudioVersion = 17.9.34616.47
MinimumVisualStudioVersion = 10.0.40219.1
Project("{888888A0-9F3D-457C-B088-3A5042F75D52}") = "GetIPS", "GetIPS\GetIPS.pyproj", "{6A8D887E-3364-43A3-B77B-C1310A9F97C6}"
EndProject
Global
	GlobalSection(SolutionConfigurationPlatforms) = preSolution
		Debug|Any CPU = Debug|Any CPU
		Release|Any CPU = Release|Any CPU
	EndGlobalSection
	GlobalSection(ProjectConfigurationPlatforms) = postSolution
		{6A8D887E-3364-43A3-B77B-C1310A9F97C6}.Debug|Any CPU.ActiveCfg = Debug|Any CPU
		{6A8D887E-3364-43A3-B77B-C1310A9F97C6}.Release|Any CPU.ActiveCfg = Release|Any CPU
	EndGlobalSection
	GlobalSection(SolutionProperties) = preSolution
		HideSolutionNode = FALSE
	EndGlobalSection
	GlobalSection(ExtensibilityGlobals) = postSolution
		SolutionGuid = {37E4DF17-3632-4079-BB1C-48444AFD5C01}
	EndGlobalSection
EndGlobal
